
Microsoft Visual Studio Solution File, Format Version 12.00
# Visual Studio Version 16
VisualStudioVersion = 16.0.30320.27
MinimumVisualStudioVersion = 10.0.40219.1
Project("{FAE04EC0-301F-11D3-BF4B-00C04F79EFBC}") = "TreeViewExplorer", "TreeViewExplorer\TreeViewExplorer.csproj", "{A9E67690-EE66-4940-A1A5-2A5F8452E1BA}"
EndProject
Global
	GlobalSection(SolutionConfigurationPlatforms) = preSolution
		Debug|Any CPU = Debug|Any CPU
		Release|Any CPU = Release|Any CPU
	EndGlobalSection
	GlobalSection(ProjectConfigurationPlatforms) = postSolution
		{A9E67690-EE66-4940-A1A5-2A5F8452E1BA}.Debug|Any CPU.ActiveCfg = Debug|Any CPU
		{A9E67690-EE66-4940-A1A5-2A5F8452E1BA}.Debug|Any CPU.Build.0 = Debug|Any CPU
		{A9E67690-EE66-4940-A1A5-2A5F8452E1BA}.Release|Any CPU.ActiveCfg = Release|Any CPU
		{A9E67690-EE66-4940-A1A5-2A5F8452E1BA}.Release|Any CPU.Build.0 = Release|Any CPU
	EndGlobalSection
	GlobalSection(SolutionProperties) = preSolution
		HideSolutionNode = FALSE
	EndGlobalSection
	GlobalSection(ExtensibilityGlobals) = postSolution
		SolutionGuid = {42850A9F-9BC4-424D-B219-BAA938F4B47B}
	EndGlobalSection
EndGlobal
